
Microsoft Visual Studio Solution File, Format Version 12.00
# Visual Studio Version 17
VisualStudioVersion = 17.0.31903.59
MinimumVisualStudioVersion = 10.0.40219.1
Project("{2150E333-8FDC-42A3-9474-1A3956D46DE8}") = "src", "src", "{827E0CD3-B72D-47B6-A68D-7590B98EB39B}"
EndProject
Project("{2150E333-8FDC-42A3-9474-1A3956D46DE8}") = "SolutionItems", "SolutionItems", "{75BF38E1-077B-432B-AD17-E704AE5D4593}"
	ProjectSection(SolutionItems) = preProject
		README.md = README.md
		nuget.config = nuget.config
		Directory.Build.targets = Directory.Build.targets
		Directory.Build.props = Directory.Build.props
		global.json = global.json
		.gitignore = .gitignore
	EndProjectSection
EndProject
Project("{FAE04EC0-301F-11D3-BF4B-00C04F79EFBC}") = "UrlShortener.WebApi", "src\UrlShortener.WebApi\UrlShortener.WebApi.csproj", "{4EDB1259-CF99-474B-AF8E-390BF000BE11}"
EndProject
Project("{2150E333-8FDC-42A3-9474-1A3956D46DE8}") = "test", "test", "{0C88DD14-F956-CE84-757C-A364CCF449FC}"
EndProject
Project("{FAE04EC0-301F-11D3-BF4B-00C04F79EFBC}") = "UrlShortener.WebApi.UnitTest", "test\UrlShortener.WebApi.UnitTest\UrlShortener.WebApi.UnitTest.csproj", "{76B5240A-40CC-4773-9DD3-33557C138553}"
EndProject
Global
	GlobalSection(SolutionConfigurationPlatforms) = preSolution
		Debug|Any CPU = Debug|Any CPU
		Debug|x64 = Debug|x64
		Debug|x86 = Debug|x86
		Release|Any CPU = Release|Any CPU
		Release|x64 = Release|x64
		Release|x86 = Release|x86
	EndGlobalSection
	GlobalSection(ProjectConfigurationPlatforms) = postSolution
		{4EDB1259-CF99-474B-AF8E-390BF000BE11}.Debug|Any CPU.ActiveCfg = Debug|Any CPU
		{4EDB1259-CF99-474B-AF8E-390BF000BE11}.Debug|Any CPU.Build.0 = Debug|Any CPU
		{4EDB1259-CF99-474B-AF8E-390BF000BE11}.Debug|x64.ActiveCfg = Debug|Any CPU
		{4EDB1259-CF99-474B-AF8E-390BF000BE11}.Debug|x64.Build.0 = Debug|Any CPU
		{4EDB1259-CF99-474B-AF8E-390BF000BE11}.Debug|x86.ActiveCfg = Debug|Any CPU
		{4EDB1259-CF99-474B-AF8E-390BF000BE11}.Debug|x86.Build.0 = Debug|Any CPU
		{4EDB1259-CF99-474B-AF8E-390BF000BE11}.Release|Any CPU.ActiveCfg = Release|Any CPU
		{4EDB1259-CF99-474B-AF8E-390BF000BE11}.Release|Any CPU.Build.0 = Release|Any CPU
		{4EDB1259-CF99-474B-AF8E-390BF000BE11}.Release|x64.ActiveCfg = Release|Any CPU
		{4EDB1259-CF99-474B-AF8E-390BF000BE11}.Release|x64.Build.0 = Release|Any CPU
		{4EDB1259-CF99-474B-AF8E-390BF000BE11}.Release|x86.ActiveCfg = Release|Any CPU
		{4EDB1259-CF99-474B-AF8E-390BF000BE11}.Release|x86.Build.0 = Release|Any CPU
		{76B5240A-40CC-4773-9DD3-33557C138553}.Debug|Any CPU.ActiveCfg = Debug|Any CPU
		{76B5240A-40CC-4773-9DD3-33557C138553}.Debug|Any CPU.Build.0 = Debug|Any CPU
		{76B5240A-40CC-4773-9DD3-33557C138553}.Debug|x64.ActiveCfg = Debug|Any CPU
		{76B5240A-40CC-4773-9DD3-33557C138553}.Debug|x64.Build.0 = Debug|Any CPU
		{76B5240A-40CC-4773-9DD3-33557C138553}.Debug|x86.ActiveCfg = Debug|Any CPU
		{76B5240A-40CC-4773-9DD3-33557C138553}.Debug|x86.Build.0 = Debug|Any CPU
		{76B5240A-40CC-4773-9DD3-33557C138553}.Release|Any CPU.ActiveCfg = Release|Any CPU
		{76B5240A-40CC-4773-9DD3-33557C138553}.Release|Any CPU.Build.0 = Release|Any CPU
		{76B5240A-40CC-4773-9DD3-33557C138553}.Release|x64.ActiveCfg = Release|Any CPU
		{76B5240A-40CC-4773-9DD3-33557C138553}.Release|x64.Build.0 = Release|Any CPU
		{76B5240A-40CC-4773-9DD3-33557C138553}.Release|x86.ActiveCfg = Release|Any CPU
		{76B5240A-40CC-4773-9DD3-33557C138553}.Release|x86.Build.0 = Release|Any CPU
	EndGlobalSection
	GlobalSection(SolutionProperties) = preSolution
		HideSolutionNode = FALSE
	EndGlobalSection
	GlobalSection(NestedProjects) = preSolution
		{4EDB1259-CF99-474B-AF8E-390BF000BE11} = {827E0CD3-B72D-47B6-A68D-7590B98EB39B}
		{76B5240A-40CC-4773-9DD3-33557C138553} = {0C88DD14-F956-CE84-757C-A364CCF449FC}
	EndGlobalSection
EndGlobal
